
Microsoft Visual Studio Solution File, Format Version 12.00
# Visual Studio 15
VisualStudioVersion = 15.0.28307.168
MinimumVisualStudioVersion = 10.0.40219.1
Project("{FAE04EC0-301F-11D3-BF4B-00C04F79EFBC}") = "Books.Web", "Books.Web\Books.Web.csproj", "{84C3D63B-9853-4C74-B229-BB6EA9B3CB60}"
EndProject
Project("{FAE04EC0-301F-11D3-BF4B-00C04F79EFBC}") = "Books.Entities", "Books.Entities\Books.Entities.csproj", "{246617DD-C3F3-4A35-A03A-A9A9ECB3B17A}"
EndProject
Project("{2150E333-8FDC-42A3-9474-1A3956D46DE8}") = "Solution Items", "Solution Items", "{FFD5FD09-7081-42A2-872A-BF8D4EE8604E}"
	ProjectSection(SolutionItems) = preProject
		CommandUseToCreateMutipleMigrations.txt = CommandUseToCreateMutipleMigrations.txt
	EndProjectSection
EndProject
Global
	GlobalSection(SolutionConfigurationPlatforms) = preSolution
		Debug|Any CPU = Debug|Any CPU
		Release|Any CPU = Release|Any CPU
	EndGlobalSection
	GlobalSection(ProjectConfigurationPlatforms) = postSolution
		{84C3D63B-9853-4C74-B229-BB6EA9B3CB60}.Debug|Any CPU.ActiveCfg = Debug|Any CPU
		{84C3D63B-9853-4C74-B229-BB6EA9B3CB60}.Debug|Any CPU.Build.0 = Debug|Any CPU
		{84C3D63B-9853-4C74-B229-BB6EA9B3CB60}.Release|Any CPU.ActiveCfg = Release|Any CPU
		{84C3D63B-9853-4C74-B229-BB6EA9B3CB60}.Release|Any CPU.Build.0 = Release|Any CPU
		{246617DD-C3F3-4A35-A03A-A9A9ECB3B17A}.Debug|Any CPU.ActiveCfg = Debug|Any CPU
		{246617DD-C3F3-4A35-A03A-A9A9ECB3B17A}.Debug|Any CPU.Build.0 = Debug|Any CPU
		{246617DD-C3F3-4A35-A03A-A9A9ECB3B17A}.Release|Any CPU.ActiveCfg = Release|Any CPU
		{246617DD-C3F3-4A35-A03A-A9A9ECB3B17A}.Release|Any CPU.Build.0 = Release|Any CPU
	EndGlobalSection
	GlobalSection(SolutionProperties) = preSolution
		HideSolutionNode = FALSE
	EndGlobalSection
	GlobalSection(ExtensibilityGlobals) = postSolution
		SolutionGuid = {FF2AC5BA-A51D-46B7-8843-08F5A78D8743}
	EndGlobalSection
EndGlobal
